
Microsoft Visual Studio Solution File, Format Version 12.00
# Visual Studio Version 16
VisualStudioVersion = 16.0.31129.286
MinimumVisualStudioVersion = 10.0.40219.1
Project("{FAE04EC0-301F-11D3-BF4B-00C04F79EFBC}") = "ReportPoliceSite", "ReportPoliceSite\ReportPoliceSite.csproj", "{6DB0DF32-2D72-43D1-905A-78D1036627CB}"
EndProject
Global
	GlobalSection(SolutionConfigurationPlatforms) = preSolution
		Debug|Any CPU = Debug|Any CPU
		Release|Any CPU = Release|Any CPU
	EndGlobalSection
	GlobalSection(ProjectConfigurationPlatforms) = postSolution
		{6DB0DF32-2D72-43D1-905A-78D1036627CB}.Debug|Any CPU.ActiveCfg = Debug|Any CPU
		{6DB0DF32-2D72-43D1-905A-78D1036627CB}.Debug|Any CPU.Build.0 = Debug|Any CPU
		{6DB0DF32-2D72-43D1-905A-78D1036627CB}.Release|Any CPU.ActiveCfg = Release|Any CPU
		{6DB0DF32-2D72-43D1-905A-78D1036627CB}.Release|Any CPU.Build.0 = Release|Any CPU
	EndGlobalSection
	GlobalSection(SolutionProperties) = preSolution
		HideSolutionNode = FALSE
	EndGlobalSection
	GlobalSection(ExtensibilityGlobals) = postSolution
		SolutionGuid = {783D7F43-A8A0-4954-A6C1-89BDB989223D}
	EndGlobalSection
EndGlobal
